
Microsoft Visual Studio Solution File, Format Version 12.00
# Visual Studio 15
VisualStudioVersion = 15.0.27130.2010
MinimumVisualStudioVersion = 10.0.40219.1
Project("{FAE04EC0-301F-11D3-BF4B-00C04F79EFBC}") = "DziennikASP", "DziennikASP\DziennikASP.csproj", "{77346EA8-AEF1-485D-88B2-208AB0CB2B6A}"
EndProject
Global
	GlobalSection(SolutionConfigurationPlatforms) = preSolution
		Debug|Any CPU = Debug|Any CPU
		Release|Any CPU = Release|Any CPU
	EndGlobalSection
	GlobalSection(ProjectConfigurationPlatforms) = postSolution
		{77346EA8-AEF1-485D-88B2-208AB0CB2B6A}.Debug|Any CPU.ActiveCfg = Debug|Any CPU
		{77346EA8-AEF1-485D-88B2-208AB0CB2B6A}.Debug|Any CPU.Build.0 = Debug|Any CPU
		{77346EA8-AEF1-485D-88B2-208AB0CB2B6A}.Release|Any CPU.ActiveCfg = Release|Any CPU
		{77346EA8-AEF1-485D-88B2-208AB0CB2B6A}.Release|Any CPU.Build.0 = Release|Any CPU
	EndGlobalSection
	GlobalSection(SolutionProperties) = preSolution
		HideSolutionNode = FALSE
	EndGlobalSection
	GlobalSection(ExtensibilityGlobals) = postSolution
		SolutionGuid = {ED7CE45A-62E7-4CE0-A93F-EB67011EA96F}
	EndGlobalSection
EndGlobal
